{
    "_meta": {
        "hash": {
            "sha256": "acf051dc7d4c8fa0149cc9b4a1c9bd9faef3ec3e882ad6f263ccee6c39eee1c4"
        },
        "pipfile-spec": 6,
        "requires": {
            "python_version": "3.9"
        },
        "sources": [
            {
                "name": "pypi",
                "url": "https://pypi.org/simple",
                "verify_ssl": true
            }
        ]
    },
    "default": {
        "pyqt5designer": {
            "hashes": [
                "sha256:9d22b4f0f47d81859f253850f2a2d66e29011b4a380541b6a891e035a0914769",
                "sha256:af4356b77412807d0fe4013737a9025fec3d5cd765bea4eff9a48071c25313ea"
            ],
            "index": "pypi",
            "version": "==5.14.1"
        }
    },
    "develop": {}
}
